// !$*UTF8*$!
{
	archiveVersion = 1;
	classes = {
	};
	objectVersion = 56;
	objects = {

/* Begin PBXBuildFile section */
		672ACBAA2B532EC7006B9CD8 /* MainView.swift in Sources */ = {isa = PBXBuildFile; fileRef = 672ACBA92B532EC7006B9CD8 /* MainView.swift */; };
		672ACBAC2B533E5F006B9CD8 /* ToxicManager.swift in Sources */ = {isa = PBXBuildFile; fileRef = 672ACBAB2B533E5F006B9CD8 /* ToxicManager.swift */; };
		672ACBAE2B534213006B9CD8 /* Localizable.xcstrings in Resources */ = {isa = PBXBuildFile; fileRef = 672ACBAD2B534213006B9CD8 /* Localizable.xcstrings */; };
		672ACBB12B534618006B9CD8 /* ToxicAppModel.xcdatamodeld in Sources */ = {isa = PBXBuildFile; fileRef = 672ACBAF2B534618006B9CD8 /* ToxicAppModel.xcdatamodeld */; };
		672ACBB32B5347E5006B9CD8 /* UserDefaultsExtension.swift in Sources */ = {isa = PBXBuildFile; fileRef = 672ACBB22B5347E5006B9CD8 /* UserDefaultsExtension.swift */; };
		672ACBB52B534847006B9CD8 /* DBManager.swift in Sources */ = {isa = PBXBuildFile; fileRef = 672ACBB42B534847006B9CD8 /* DBManager.swift */; };
		672ACBBF2B535D9E006B9CD8 /* ToxicAppWatchOSApp.swift in Sources */ = {isa = PBXBuildFile; fileRef = 672ACBBE2B535D9E006B9CD8 /* ToxicAppWatchOSApp.swift */; };
		672ACBC12B535D9E006B9CD8 /* ContentView.swift in Sources */ = {isa = PBXBuildFile; fileRef = 672ACBC02B535D9E006B9CD8 /* ContentView.swift */; };
		672ACBC32B535DA2006B9CD8 /* Assets.xcassets in Resources */ = {isa = PBXBuildFile; fileRef = 672ACBC22B535DA2006B9CD8 /* Assets.xcassets */; };
		672ACBC62B535DA2006B9CD8 /* Preview Assets.xcassets in Resources */ = {isa = PBXBuildFile; fileRef = 672ACBC52B535DA2006B9CD8 /* Preview Assets.xcassets */; };
		672ACBC92B535DA2006B9CD8 /* ToxicAppWatchOS Watch App.app in Embed Watch Content */ = {isa = PBXBuildFile; fileRef = 672ACBBC2B535D9D006B9CD8 /* ToxicAppWatchOS Watch App.app */; settings = {ATTRIBUTES = (RemoveHeadersOnCopy, ); }; };
		672ACBCF2B535F26006B9CD8 /* ToxicManager.swift in Sources */ = {isa = PBXBuildFile; fileRef = 672ACBCE2B535F26006B9CD8 /* ToxicManager.swift */; };
		672ACBD12B535FA2006B9CD8 /* SessionManager.swift in Sources */ = {isa = PBXBuildFile; fileRef = 672ACBD02B535FA2006B9CD8 /* SessionManager.swift */; };
		672ACBD32B53646E006B9CD8 /* UserDefaultsExtension.swift in Sources */ = {isa = PBXBuildFile; fileRef = 672ACBD22B53646E006B9CD8 /* UserDefaultsExtension.swift */; };
		672ACBD52B53667C006B9CD8 /* MainView.swift in Sources */ = {isa = PBXBuildFile; fileRef = 672ACBD42B53667C006B9CD8 /* MainView.swift */; };
		672ACBD72B536767006B9CD8 /* SessionManager.swift in Sources */ = {isa = PBXBuildFile; fileRef = 672ACBD62B536767006B9CD8 /* SessionManager.swift */; };
		672ACBD92B5379A5006B9CD8 /* Localizable.xcstrings in Resources */ = {isa = PBXBuildFile; fileRef = 672ACBD82B5379A5006B9CD8 /* Localizable.xcstrings */; };
		672ACBDC2B53EB56006B9CD8 /* AboutView.swift in Sources */ = {isa = PBXBuildFile; fileRef = 672ACBDB2B53EB56006B9CD8 /* AboutView.swift */; };
		672ACBDE2B53EB69006B9CD8 /* AboutPresentationView.swift in Sources */ = {isa = PBXBuildFile; fileRef = 672ACBDD2B53EB69006B9CD8 /* AboutPresentationView.swift */; };
		6774AC862B532DA800EC7F5D /* ToxicApp.swift in Sources */ = {isa = PBXBuildFile; fileRef = 6774AC852B532DA800EC7F5D /* ToxicApp.swift */; };
		6774AC882B532DA800EC7F5D /* ContentView.swift in Sources */ = {isa = PBXBuildFile; fileRef = 6774AC872B532DA800EC7F5D /* ContentView.swift */; };
		6774AC8A2B532DAD00EC7F5D /* Assets.xcassets in Resources */ = {isa = PBXBuildFile; fileRef = 6774AC892B532DAD00EC7F5D /* Assets.xcassets */; };
		6774AC8D2B532DAD00EC7F5D /* Preview Assets.xcassets in Resources */ = {isa = PBXBuildFile; fileRef = 6774AC8C2B532DAD00EC7F5D /* Preview Assets.xcassets */; };
		679A816D2B5418AF00A3BB51 /* AppDelegate.swift in Sources */ = {isa = PBXBuildFile; fileRef = 679A816C2B5418AF00A3BB51 /* AppDelegate.swift */; };
		679A816F2B54278200A3BB51 /* AchievmentsMenuView.swift in Sources */ = {isa = PBXBuildFile; fileRef = 679A816E2B54278200A3BB51 /* AchievmentsMenuView.swift */; };
		679A81712B542B5C00A3BB51 /* ToxicityRingView.swift in Sources */ = {isa = PBXBuildFile; fileRef = 679A81702B542B5C00A3BB51 /* ToxicityRingView.swift */; };
		679A81732B542BAF00A3BB51 /* ColorExtension.swift in Sources */ = {isa = PBXBuildFile; fileRef = 679A81722B542BAF00A3BB51 /* ColorExtension.swift */; };
		679A81752B54348100A3BB51 /* ToxicityRoundView.swift in Sources */ = {isa = PBXBuildFile; fileRef = 679A81742B54348100A3BB51 /* ToxicityRoundView.swift */; };
		679A81772B543FC100A3BB51 /* TimePickerView.swift in Sources */ = {isa = PBXBuildFile; fileRef = 679A81762B543FC100A3BB51 /* TimePickerView.swift */; };
		67C26D412B54796000671016 /* AchievmentsManager.swift in Sources */ = {isa = PBXBuildFile; fileRef = 67C26D402B54796000671016 /* AchievmentsManager.swift */; };
		67D483C12B5AEAA300786490 /* AchievmentView.swift in Sources */ = {isa = PBXBuildFile; fileRef = 67D483C02B5AEAA300786490 /* AchievmentView.swift */; };
/* End PBXBuildFile section */

/* Begin PBXContainerItemProxy section */
		672ACBC72B535DA2006B9CD8 /* PBXContainerItemProxy */ = {
			isa = PBXContainerItemProxy;
			containerPortal = 6774AC7A2B532DA800EC7F5D /* Project object */;
			proxyType = 1;
			remoteGlobalIDString = 672ACBBB2B535D9D006B9CD8;
			remoteInfo = "ToxicAppWatchOS Watch App";
		};
		6774AC932B532DAE00EC7F5D /* PBXContainerItemProxy */ = {
			isa = PBXContainerItemProxy;
			containerPortal = 6774AC7A2B532DA800EC7F5D /* Project object */;
			proxyType = 1;
			remoteGlobalIDString = 6774AC812B532DA800EC7F5D;
			remoteInfo = ToxicApp;
		};
		6774AC9D2B532DAE00EC7F5D /* PBXContainerItemProxy */ = {
			isa = PBXContainerItemProxy;
			containerPortal = 6774AC7A2B532DA800EC7F5D /* Project object */;
			proxyType = 1;
			remoteGlobalIDString = 6774AC812B532DA800EC7F5D;
			remoteInfo = ToxicApp;
		};
/* End PBXContainerItemProxy section */

/* Begin PBXCopyFilesBuildPhase section */
		672ACBCD2B535DA2006B9CD8 /* Embed Watch Content */ = {
			isa = PBXCopyFilesBuildPhase;
			buildActionMask = 2147483647;
			dstPath = "$(CONTENTS_FOLDER_PATH)/Watch";
			dstSubfolderSpec = 16;
			files = (
				672ACBC92B535DA2006B9CD8 /* ToxicAppWatchOS Watch App.app in Embed Watch Content */,
			);
			name = "Embed Watch Content";
			runOnlyForDeploymentPostprocessing = 0;
		};
/* End PBXCopyFilesBuildPhase section */

/* Begin PBXFileReference section */
		672ACBA92B532EC7006B9CD8 /* MainView.swift */ = {isa = PBXFileReference; lastKnownFileType = sourcecode.swift; path = MainView.swift; sourceTree = "<group>"; };
		672ACBAB2B533E5F006B9CD8 /* ToxicManager.swift */ = {isa = PBXFileReference; lastKnownFileType = sourcecode.swift; path = ToxicManager.swift; sourceTree = "<group>"; };
		672ACBAD2B534213006B9CD8 /* Localizable.xcstrings */ = {isa = PBXFileReference; lastKnownFileType = text.json.xcstrings; path = Localizable.xcstrings; sourceTree = "<group>"; };
		672ACBB02B534618006B9CD8 /* ToxicAppModel.xcdatamodel */ = {isa = PBXFileReference; lastKnownFileType = wrapper.xcdatamodel; path = ToxicAppModel.xcdatamodel; sourceTree = "<group>"; };
		672ACBB22B5347E5006B9CD8 /* UserDefaultsExtension.swift */ = {isa = PBXFileReference; lastKnownFileType = sourcecode.swift; path = UserDefaultsExtension.swift; sourceTree = "<group>"; };
		672ACBB42B534847006B9CD8 /* DBManager.swift */ = {isa = PBXFileReference; lastKnownFileType = sourcecode.swift; path = DBManager.swift; sourceTree = "<group>"; };
		672ACBBC2B535D9D006B9CD8 /* ToxicAppWatchOS Watch App.app */ = {isa = PBXFileReference; explicitFileType = wrapper.application; includeInIndex = 0; path = "ToxicAppWatchOS Watch App.app"; sourceTree = BUILT_PRODUCTS_DIR; };
		672ACBBE2B535D9E006B9CD8 /* ToxicAppWatchOSApp.swift */ = {isa = PBXFileReference; lastKnownFileType = sourcecode.swift; path = ToxicAppWatchOSApp.swift; sourceTree = "<group>"; };
		672ACBC02B535D9E006B9CD8 /* ContentView.swift */ = {isa = PBXFileReference; lastKnownFileType = sourcecode.swift; path = ContentView.swift; sourceTree = "<group>"; };
		672ACBC22B535DA2006B9CD8 /* Assets.xcassets */ = {isa = PBXFileReference; lastKnownFileType = folder.assetcatalog; path = Assets.xcassets; sourceTree = "<group>"; };
		672ACBC52B535DA2006B9CD8 /* Preview Assets.xcassets */ = {isa = PBXFileReference; lastKnownFileType = folder.assetcatalog; path = "Preview Assets.xcassets"; sourceTree = "<group>"; };
		672ACBCE2B535F26006B9CD8 /* ToxicManager.swift */ = {isa = PBXFileReference; lastKnownFileType = sourcecode.swift; path = ToxicManager.swift; sourceTree = "<group>"; };
		672ACBD02B535FA2006B9CD8 /* SessionManager.swift */ = {isa = PBXFileReference; lastKnownFileType = sourcecode.swift; path = SessionManager.swift; sourceTree = "<group>"; };
		672ACBD22B53646E006B9CD8 /* UserDefaultsExtension.swift */ = {isa = PBXFileReference; lastKnownFileType = sourcecode.swift; path = UserDefaultsExtension.swift; sourceTree = "<group>"; };
		672ACBD42B53667C006B9CD8 /* MainView.swift */ = {isa = PBXFileReference; lastKnownFileType = sourcecode.swift; path = MainView.swift; sourceTree = "<group>"; };
		672ACBD62B536767006B9CD8 /* SessionManager.swift */ = {isa = PBXFileReference; lastKnownFileType = sourcecode.swift; path = SessionManager.swift; sourceTree = "<group>"; };
		672ACBD82B5379A5006B9CD8 /* Localizable.xcstrings */ = {isa = PBXFileReference; lastKnownFileType = text.json.xcstrings; path = Localizable.xcstrings; sourceTree = "<group>"; };
		672ACBDB2B53EB56006B9CD8 /* AboutView.swift */ = {isa = PBXFileReference; lastKnownFileType = sourcecode.swift; path = AboutView.swift; sourceTree = "<group>"; };
		672ACBDD2B53EB69006B9CD8 /* AboutPresentationView.swift */ = {isa = PBXFileReference; lastKnownFileType = sourcecode.swift; path = AboutPresentationView.swift; sourceTree = "<group>"; };
		6774AC822B532DA800EC7F5D /* ToxicApp.app */ = {isa = PBXFileReference; explicitFileType = wrapper.application; includeInIndex = 0; path = ToxicApp.app; sourceTree = BUILT_PRODUCTS_DIR; };
		6774AC852B532DA800EC7F5D /* ToxicApp.swift */ = {isa = PBXFileReference; lastKnownFileType = sourcecode.swift; path = ToxicApp.swift; sourceTree = "<group>"; };
		6774AC872B532DA800EC7F5D /* ContentView.swift */ = {isa = PBXFileReference; lastKnownFileType = sourcecode.swift; path = ContentView.swift; sourceTree = "<group>"; };
		6774AC892B532DAD00EC7F5D /* Assets.xcassets */ = {isa = PBXFileReference; lastKnownFileType = folder.assetcatalog; path = Assets.xcassets; sourceTree = "<group>"; };
		6774AC8C2B532DAD00EC7F5D /* Preview Assets.xcassets */ = {isa = PBXFileReference; lastKnownFileType = folder.assetcatalog; path = "Preview Assets.xcassets"; sourceTree = "<group>"; };
		6774AC922B532DAE00EC7F5D /* ToxicAppTests.xctest */ = {isa = PBXFileReference; explicitFileType = wrapper.cfbundle; includeInIndex = 0; path = ToxicAppTests.xctest; sourceTree = BUILT_PRODUCTS_DIR; };
		6774AC9C2B532DAE00EC7F5D /* ToxicAppUITests.xctest */ = {isa = PBXFileReference; explicitFileType = wrapper.cfbundle; includeInIndex = 0; path = ToxicAppUITests.xctest; sourceTree = BUILT_PRODUCTS_DIR; };
		679A816C2B5418AF00A3BB51 /* AppDelegate.swift */ = {isa = PBXFileReference; lastKnownFileType = sourcecode.swift; path = AppDelegate.swift; sourceTree = "<group>"; };
		679A816E2B54278200A3BB51 /* AchievmentsMenuView.swift */ = {isa = PBXFileReference; lastKnownFileType = sourcecode.swift; path = AchievmentsMenuView.swift; sourceTree = "<group>"; };
		679A81702B542B5C00A3BB51 /* ToxicityRingView.swift */ = {isa = PBXFileReference; lastKnownFileType = sourcecode.swift; path = ToxicityRingView.swift; sourceTree = "<group>"; };
		679A81722B542BAF00A3BB51 /* ColorExtension.swift */ = {isa = PBXFileReference; lastKnownFileType = sourcecode.swift; path = ColorExtension.swift; sourceTree = "<group>"; };
		679A81742B54348100A3BB51 /* ToxicityRoundView.swift */ = {isa = PBXFileReference; lastKnownFileType = sourcecode.swift; path = ToxicityRoundView.swift; sourceTree = "<group>"; };
		679A81762B543FC100A3BB51 /* TimePickerView.swift */ = {isa = PBXFileReference; lastKnownFileType = sourcecode.swift; path = TimePickerView.swift; sourceTree = "<group>"; };
		67C26D402B54796000671016 /* AchievmentsManager.swift */ = {isa = PBXFileReference; lastKnownFileType = sourcecode.swift; path = AchievmentsManager.swift; sourceTree = "<group>"; };
		67D483C02B5AEAA300786490 /* AchievmentView.swift */ = {isa = PBXFileReference; lastKnownFileType = sourcecode.swift; path = AchievmentView.swift; sourceTree = "<group>"; };
/* End PBXFileReference section */

/* Begin PBXFrameworksBuildPhase section */
		672ACBB92B535D9D006B9CD8 /* Frameworks */ = {
			isa = PBXFrameworksBuildPhase;
			buildActionMask = 2147483647;
			files = (
			);
			runOnlyForDeploymentPostprocessing = 0;
		};
		6774AC7F2B532DA800EC7F5D /* Frameworks */ = {
			isa = PBXFrameworksBuildPhase;
			buildActionMask = 2147483647;
			files = (
			);
			runOnlyForDeploymentPostprocessing = 0;
		};
		6774AC8F2B532DAE00EC7F5D /* Frameworks */ = {
			isa = PBXFrameworksBuildPhase;
			buildActionMask = 2147483647;
			files = (
			);
			runOnlyForDeploymentPostprocessing = 0;
		};
		6774AC992B532DAE00EC7F5D /* Frameworks */ = {
			isa = PBXFrameworksBuildPhase;
			buildActionMask = 2147483647;
			files = (
			);
			runOnlyForDeploymentPostprocessing = 0;
		};
/* End PBXFrameworksBuildPhase section */

/* Begin PBXGroup section */
		672ACBB62B534892006B9CD8 /* Managers */ = {
			isa = PBXGroup;
			children = (
				672ACBB42B534847006B9CD8 /* DBManager.swift */,
				672ACBAB2B533E5F006B9CD8 /* ToxicManager.swift */,
				672ACBD62B536767006B9CD8 /* SessionManager.swift */,
				67C26D402B54796000671016 /* AchievmentsManager.swift */,
			);
			path = Managers;
			sourceTree = "<group>";
		};
		672ACBB72B5348B0006B9CD8 /* Extensions */ = {
			isa = PBXGroup;
			children = (
				672ACBB22B5347E5006B9CD8 /* UserDefaultsExtension.swift */,
				679A81722B542BAF00A3BB51 /* ColorExtension.swift */,
			);
			path = Extensions;
			sourceTree = "<group>";
		};
		672ACBBD2B535D9D006B9CD8 /* ToxicAppWatchOS Watch App */ = {
			isa = PBXGroup;
			children = (
				672ACBCE2B535F26006B9CD8 /* ToxicManager.swift */,
				672ACBBE2B535D9E006B9CD8 /* ToxicAppWatchOSApp.swift */,
				672ACBC02B535D9E006B9CD8 /* ContentView.swift */,
				672ACBC22B535DA2006B9CD8 /* Assets.xcassets */,
				672ACBC42B535DA2006B9CD8 /* Preview Content */,
				672ACBD02B535FA2006B9CD8 /* SessionManager.swift */,
				672ACBD22B53646E006B9CD8 /* UserDefaultsExtension.swift */,
				672ACBD42B53667C006B9CD8 /* MainView.swift */,
				672ACBD82B5379A5006B9CD8 /* Localizable.xcstrings */,
			);
			path = "ToxicAppWatchOS Watch App";
			sourceTree = "<group>";
		};
		672ACBC42B535DA2006B9CD8 /* Preview Content */ = {
			isa = PBXGroup;
			children = (
				672ACBC52B535DA2006B9CD8 /* Preview Assets.xcassets */,
			);
			path = "Preview Content";
			sourceTree = "<group>";
		};
		672ACBDA2B53EB2D006B9CD8 /* Views */ = {
			isa = PBXGroup;
			children = (
				672ACBA92B532EC7006B9CD8 /* MainView.swift */,
				6774AC872B532DA800EC7F5D /* ContentView.swift */,
				672ACBDB2B53EB56006B9CD8 /* AboutView.swift */,
				672ACBDD2B53EB69006B9CD8 /* AboutPresentationView.swift */,
				679A816E2B54278200A3BB51 /* AchievmentsMenuView.swift */,
				679A81702B542B5C00A3BB51 /* ToxicityRingView.swift */,
				679A81742B54348100A3BB51 /* ToxicityRoundView.swift */,
				679A81762B543FC100A3BB51 /* TimePickerView.swift */,
				67D483C02B5AEAA300786490 /* AchievmentView.swift */,
			);
			path = Views;
			sourceTree = "<group>";
		};
		6774AC792B532DA800EC7F5D = {
			isa = PBXGroup;
			children = (
				6774AC842B532DA800EC7F5D /* ToxicApp */,
				672ACBBD2B535D9D006B9CD8 /* ToxicAppWatchOS Watch App */,
				6774AC832B532DA800EC7F5D /* Products */,
			);
			sourceTree = "<group>";
		};
		6774AC832B532DA800EC7F5D /* Products */ = {
			isa = PBXGroup;
			children = (
				6774AC822B532DA800EC7F5D /* ToxicApp.app */,
				6774AC922B532DAE00EC7F5D /* ToxicAppTests.xctest */,
				6774AC9C2B532DAE00EC7F5D /* ToxicAppUITests.xctest */,
				672ACBBC2B535D9D006B9CD8 /* ToxicAppWatchOS Watch App.app */,
			);
			name = Products;
			sourceTree = "<group>";
		};
		6774AC842B532DA800EC7F5D /* ToxicApp */ = {
			isa = PBXGroup;
			children = (
				672ACBDA2B53EB2D006B9CD8 /* Views */,
				672ACBB62B534892006B9CD8 /* Managers */,
				672ACBB72B5348B0006B9CD8 /* Extensions */,
				6774AC852B532DA800EC7F5D /* ToxicApp.swift */,
				679A816C2B5418AF00A3BB51 /* AppDelegate.swift */,
				6774AC892B532DAD00EC7F5D /* Assets.xcassets */,
				672ACBAD2B534213006B9CD8 /* Localizable.xcstrings */,
				6774AC8B2B532DAD00EC7F5D /* Preview Content */,
				672ACBAF2B534618006B9CD8 /* ToxicAppModel.xcdatamodeld */,
			);
			path = ToxicApp;
			sourceTree = "<group>";
		};
		6774AC8B2B532DAD00EC7F5D /* Preview Content */ = {
			isa = PBXGroup;
			children = (
				6774AC8C2B532DAD00EC7F5D /* Preview Assets.xcassets */,
			);
			path = "Preview Content";
			sourceTree = "<group>";
		};
/* End PBXGroup section */

/* Begin PBXNativeTarget section */
		672ACBBB2B535D9D006B9CD8 /* ToxicAppWatchOS Watch App */ = {
			isa = PBXNativeTarget;
			buildConfigurationList = 672ACBCA2B535DA2006B9CD8 /* Build configuration list for PBXNativeTarget "ToxicAppWatchOS Watch App" */;
			buildPhases = (
				672ACBB82B535D9D006B9CD8 /* Sources */,
				672ACBB92B535D9D006B9CD8 /* Frameworks */,
				672ACBBA2B535D9D006B9CD8 /* Resources */,
			);
			buildRules = (
			);
			dependencies = (
			);
			name = "ToxicAppWatchOS Watch App";
			productName = "ToxicAppWatchOS Watch App";
			productReference = 672ACBBC2B535D9D006B9CD8 /* ToxicAppWatchOS Watch App.app */;
			productType = "com.apple.product-type.application";
		};
		6774AC812B532DA800EC7F5D /* ToxicApp */ = {
			isa = PBXNativeTarget;
			buildConfigurationList = 6774ACA62B532DAE00EC7F5D /* Build configuration list for PBXNativeTarget "ToxicApp" */;
			buildPhases = (
				6774AC7E2B532DA800EC7F5D /* Sources */,
				6774AC7F2B532DA800EC7F5D /* Frameworks */,
				6774AC802B532DA800EC7F5D /* Resources */,
				672ACBCD2B535DA2006B9CD8 /* Embed Watch Content */,
			);
			buildRules = (
			);
			dependencies = (
				672ACBC82B535DA2006B9CD8 /* PBXTargetDependency */,
			);
			name = ToxicApp;
			productName = ToxicApp;
			productReference = 6774AC822B532DA800EC7F5D /* ToxicApp.app */;
			productType = "com.apple.product-type.application";
		};
		6774AC912B532DAE00EC7F5D /* ToxicAppTests */ = {
			isa = PBXNativeTarget;
			buildConfigurationList = 6774ACA92B532DAE00EC7F5D /* Build configuration list for PBXNativeTarget "ToxicAppTests" */;
			buildPhases = (
				6774AC8E2B532DAE00EC7F5D /* Sources */,
				6774AC8F2B532DAE00EC7F5D /* Frameworks */,
				6774AC902B532DAE00EC7F5D /* Resources */,
			);
			buildRules = (
			);
			dependencies = (
				6774AC942B532DAE00EC7F5D /* PBXTargetDependency */,
			);
			name = ToxicAppTests;
			productName = ToxicAppTests;
			productReference = 6774AC922B532DAE00EC7F5D /* ToxicAppTests.xctest */;
			productType = "com.apple.product-type.bundle.unit-test";
		};
		6774AC9B2B532DAE00EC7F5D /* ToxicAppUITests */ = {
			isa = PBXNativeTarget;
			buildConfigurationList = 6774ACAC2B532DAE00EC7F5D /* Build configuration list for PBXNativeTarget "ToxicAppUITests" */;
			buildPhases = (
				6774AC982B532DAE00EC7F5D /* Sources */,
				6774AC992B532DAE00EC7F5D /* Frameworks */,
				6774AC9A2B532DAE00EC7F5D /* Resources */,
			);
			buildRules = (
			);
			dependencies = (
				6774AC9E2B532DAE00EC7F5D /* PBXTargetDependency */,
			);
			name = ToxicAppUITests;
			productName = ToxicAppUITests;
			productReference = 6774AC9C2B532DAE00EC7F5D /* ToxicAppUITests.xctest */;
			productType = "com.apple.product-type.bundle.ui-testing";
		};
/* End PBXNativeTarget section */

/* Begin PBXProject section */
		6774AC7A2B532DA800EC7F5D /* Project object */ = {
			isa = PBXProject;
			attributes = {
				BuildIndependentTargetsInParallel = 1;
				LastSwiftUpdateCheck = 1510;
				LastUpgradeCheck = 1510;
				TargetAttributes = {
					672ACBBB2B535D9D006B9CD8 = {
						CreatedOnToolsVersion = 15.1;
					};
					6774AC812B532DA800EC7F5D = {
						CreatedOnToolsVersion = 15.1;
					};
					6774AC912B532DAE00EC7F5D = {
						CreatedOnToolsVersion = 15.1;
						TestTargetID = 6774AC812B532DA800EC7F5D;
					};
					6774AC9B2B532DAE00EC7F5D = {
						CreatedOnToolsVersion = 15.1;
						TestTargetID = 6774AC812B532DA800EC7F5D;
					};
				};
			};
			buildConfigurationList = 6774AC7D2B532DA800EC7F5D /* Build configuration list for PBXProject "ToxicApp" */;
			compatibilityVersion = "Xcode 14.0";
			developmentRegion = en;
			hasScannedForEncodings = 0;
			knownRegions = (
				en,
				Base,
				ru,
			);
			mainGroup = 6774AC792B532DA800EC7F5D;
			productRefGroup = 6774AC832B532DA800EC7F5D /* Products */;
			projectDirPath = "";
			projectRoot = "";
			targets = (
				6774AC812B532DA800EC7F5D /* ToxicApp */,
				6774AC912B532DAE00EC7F5D /* ToxicAppTests */,
				6774AC9B2B532DAE00EC7F5D /* ToxicAppUITests */,
				672ACBBB2B535D9D006B9CD8 /* ToxicAppWatchOS Watch App */,
			);
		};
/* End PBXProject section */

/* Begin PBXResourcesBuildPhase section */
		672ACBBA2B535D9D006B9CD8 /* Resources */ = {
			isa = PBXResourcesBuildPhase;
			buildActionMask = 2147483647;
			files = (
				672ACBC62B535DA2006B9CD8 /* Preview Assets.xcassets in Resources */,
				672ACBC32B535DA2006B9CD8 /* Assets.xcassets in Resources */,
				672ACBD92B5379A5006B9CD8 /* Localizable.xcstrings in Resources */,
			);
			runOnlyForDeploymentPostprocessing = 0;
		};
		6774AC802B532DA800EC7F5D /* Resources */ = {
			isa = PBXResourcesBuildPhase;
			buildActionMask = 2147483647;
			files = (
				6774AC8D2B532DAD00EC7F5D /* Preview Assets.xcassets in Resources */,
				6774AC8A2B532DAD00EC7F5D /* Assets.xcassets in Resources */,
				672ACBAE2B534213006B9CD8 /* Localizable.xcstrings in Resources */,
			);
			runOnlyForDeploymentPostprocessing = 0;
		};
		6774AC902B532DAE00EC7F5D /* Resources */ = {
			isa = PBXResourcesBuildPhase;
			buildActionMask = 2147483647;
			files = (
			);
			runOnlyForDeploymentPostprocessing = 0;
		};
		6774AC9A2B532DAE00EC7F5D /* Resources */ = {
			isa = PBXResourcesBuildPhase;
			buildActionMask = 2147483647;
			files = (
			);
			runOnlyForDeploymentPostprocessing = 0;
		};
/* End PBXResourcesBuildPhase section */

/* Begin PBXSourcesBuildPhase section */
		672ACBB82B535D9D006B9CD8 /* Sources */ = {
			isa = PBXSourcesBuildPhase;
			buildActionMask = 2147483647;
			files = (
				672ACBD32B53646E006B9CD8 /* UserDefaultsExtension.swift in Sources */,
				672ACBD52B53667C006B9CD8 /* MainView.swift in Sources */,
				672ACBC12B535D9E006B9CD8 /* ContentView.swift in Sources */,
				672ACBBF2B535D9E006B9CD8 /* ToxicAppWatchOSApp.swift in Sources */,
				672ACBD12B535FA2006B9CD8 /* SessionManager.swift in Sources */,
				672ACBCF2B535F26006B9CD8 /* ToxicManager.swift in Sources */,
			);
			runOnlyForDeploymentPostprocessing = 0;
		};
		6774AC7E2B532DA800EC7F5D /* Sources */ = {
			isa = PBXSourcesBuildPhase;
			buildActionMask = 2147483647;
			files = (
				67C26D412B54796000671016 /* AchievmentsManager.swift in Sources */,
				679A816D2B5418AF00A3BB51 /* AppDelegate.swift in Sources */,
				6774AC882B532DA800EC7F5D /* ContentView.swift in Sources */,
				672ACBB12B534618006B9CD8 /* ToxicAppModel.xcdatamodeld in Sources */,
				672ACBDE2B53EB69006B9CD8 /* AboutPresentationView.swift in Sources */,
				679A81752B54348100A3BB51 /* ToxicityRoundView.swift in Sources */,
				672ACBAA2B532EC7006B9CD8 /* MainView.swift in Sources */,
				679A81732B542BAF00A3BB51 /* ColorExtension.swift in Sources */,
				679A81772B543FC100A3BB51 /* TimePickerView.swift in Sources */,
				6774AC862B532DA800EC7F5D /* ToxicApp.swift in Sources */,
				67D483C12B5AEAA300786490 /* AchievmentView.swift in Sources */,
				672ACBDC2B53EB56006B9CD8 /* AboutView.swift in Sources */,
				672ACBB32B5347E5006B9CD8 /* UserDefaultsExtension.swift in Sources */,
				672ACBAC2B533E5F006B9CD8 /* ToxicManager.swift in Sources */,
				672ACBD72B536767006B9CD8 /* SessionManager.swift in Sources */,
				679A81712B542B5C00A3BB51 /* ToxicityRingView.swift in Sources */,
				672ACBB52B534847006B9CD8 /* DBManager.swift in Sources */,
				679A816F2B54278200A3BB51 /* AchievmentsMenuView.swift in Sources */,
			);
			runOnlyForDeploymentPostprocessing = 0;
		};
		6774AC8E2B532DAE00EC7F5D /* Sources */ = {
			isa = PBXSourcesBuildPhase;
			buildActionMask = 2147483647;
			files = (
			);
			runOnlyForDeploymentPostprocessing = 0;
		};
		6774AC982B532DAE00EC7F5D /* Sources */ = {
			isa = PBXSourcesBuildPhase;
			buildActionMask = 2147483647;
			files = (
			);
			runOnlyForDeploymentPostprocessing = 0;
		};
/* End PBXSourcesBuildPhase section */

/* Begin PBXTargetDependency section */
		672ACBC82B535DA2006B9CD8 /* PBXTargetDependency */ = {
			isa = PBXTargetDependency;
			target = 672ACBBB2B535D9D006B9CD8 /* ToxicAppWatchOS Watch App */;
			targetProxy = 672ACBC72B535DA2006B9CD8 /* PBXContainerItemProxy */;
		};
		6774AC942B532DAE00EC7F5D /* PBXTargetDependency */ = {
			isa = PBXTargetDependency;
			target = 6774AC812B532DA800EC7F5D /* ToxicApp */;
			targetProxy = 6774AC932B532DAE00EC7F5D /* PBXContainerItemProxy */;
		};
		6774AC9E2B532DAE00EC7F5D /* PBXTargetDependency */ = {
			isa = PBXTargetDependency;
			target = 6774AC812B532DA800EC7F5D /* ToxicApp */;
			targetProxy = 6774AC9D2B532DAE00EC7F5D /* PBXContainerItemProxy */;
		};
/* End PBXTargetDependency section */

/* Begin XCBuildConfiguration section */
		672ACBCB2B535DA2006B9CD8 /* Debug */ = {
			isa = XCBuildConfiguration;
			buildSettings = {
				ASSETCATALOG_COMPILER_APPICON_NAME = AppIcon;
				ASSETCATALOG_COMPILER_GLOBAL_ACCENT_COLOR_NAME = AccentColor;
				CODE_SIGN_STYLE = Automatic;
				CURRENT_PROJECT_VERSION = 1;
				DEVELOPMENT_ASSET_PATHS = "\"ToxicAppWatchOS Watch App/Preview Content\"";
				DEVELOPMENT_TEAM = DQBS9FK8M3;
				ENABLE_PREVIEWS = YES;
				GENERATE_INFOPLIST_FILE = YES;
				INFOPLIST_KEY_CFBundleDisplayName = ToxicAppWatchOS;
				INFOPLIST_KEY_UISupportedInterfaceOrientations = "UIInterfaceOrientationPortrait UIInterfaceOrientationPortraitUpsideDown";
				INFOPLIST_KEY_WKCompanionAppBundleIdentifier = gzykin.ToxicApp;
				LD_RUNPATH_SEARCH_PATHS = (
					"$(inherited)",
					"@executable_path/Frameworks",
				);
				MARKETING_VERSION = 1.0;
				PRODUCT_BUNDLE_IDENTIFIER = gzykin.ToxicApp.watchkitapp;
				PRODUCT_NAME = "$(TARGET_NAME)";
				SDKROOT = watchos;
				SKIP_INSTALL = YES;
				SWIFT_EMIT_LOC_STRINGS = YES;
				SWIFT_VERSION = 5.0;
				TARGETED_DEVICE_FAMILY = 4;
				WATCHOS_DEPLOYMENT_TARGET = 10.2;
			};
			name = Debug;
		};
		672ACBCC2B535DA2006B9CD8 /* Release */ = {
			isa = XCBuildConfiguration;
			buildSettings = {
				ASSETCATALOG_COMPILER_APPICON_NAME = AppIcon;
				ASSETCATALOG_COMPILER_GLOBAL_ACCENT_COLOR_NAME = AccentColor;
				CODE_SIGN_STYLE = Automatic;
				CURRENT_PROJECT_VERSION = 1;
				DEVELOPMENT_ASSET_PATHS = "\"ToxicAppWatchOS Watch App/Preview Content\"";
				DEVELOPMENT_TEAM = DQBS9FK8M3;
				ENABLE_PREVIEWS = YES;
				GENERATE_INFOPLIST_FILE = YES;
				INFOPLIST_KEY_CFBundleDisplayName = ToxicAppWatchOS;
				INFOPLIST_KEY_UISupportedInterfaceOrientations = "UIInterfaceOrientationPortrait UIInterfaceOrientationPortraitUpsideDown";
				INFOPLIST_KEY_WKCompanionAppBundleIdentifier = gzykin.ToxicApp;
				LD_RUNPATH_SEARCH_PATHS = (
					"$(inherited)",
					"@executable_path/Frameworks",
				);
				MARKETING_VERSION = 1.0;
				PRODUCT_BUNDLE_IDENTIFIER = gzykin.ToxicApp.watchkitapp;
				PRODUCT_NAME = "$(TARGET_NAME)";
				SDKROOT = watchos;
				SKIP_INSTALL = YES;
				SWIFT_EMIT_LOC_STRINGS = YES;
				SWIFT_VERSION = 5.0;
				TARGETED_DEVICE_FAMILY = 4;
				WATCHOS_DEPLOYMENT_TARGET = 10.2;
			};
			name = Release;
		};
		6774ACA42B532DAE00EC7F5D /* Debug */ = {
			isa = XCBuildConfiguration;
			buildSettings = {
				ALWAYS_SEARCH_USER_PATHS = NO;
				ASSETCATALOG_COMPILER_GENERATE_SWIFT_ASSET_SYMBOL_EXTENSIONS = YES;
				CLANG_ANALYZER_NONNULL = YES;
				CLANG_ANALYZER_NUMBER_OBJECT_CONVERSION = YES_AGGRESSIVE;
				CLANG_CXX_LANGUAGE_STANDARD = "gnu++20";
				CLANG_ENABLE_MODULES = YES;
				CLANG_ENABLE_OBJC_ARC = YES;
				CLANG_ENABLE_OBJC_WEAK = YES;
				CLANG_WARN_BLOCK_CAPTURE_AUTORELEASING = YES;
				CLANG_WARN_BOOL_CONVERSION = YES;
				CLANG_WARN_COMMA = YES;
				CLANG_WARN_CONSTANT_CONVERSION = YES;
				CLANG_WARN_DEPRECATED_OBJC_IMPLEMENTATIONS = YES;
				CLANG_WARN_DIRECT_OBJC_ISA_USAGE = YES_ERROR;
				CLANG_WARN_DOCUMENTATION_COMMENTS = YES;
				CLANG_WARN_EMPTY_BODY = YES;
				CLANG_WARN_ENUM_CONVERSION = YES;
				CLANG_WARN_INFINITE_RECURSION = YES;
				CLANG_WARN_INT_CONVERSION = YES;
				CLANG_WARN_NON_LITERAL_NULL_CONVERSION = YES;
				CLANG_WARN_OBJC_IMPLICIT_RETAIN_SELF = YES;
				CLANG_WARN_OBJC_LITERAL_CONVERSION = YES;
				CLANG_WARN_OBJC_ROOT_CLASS = YES_ERROR;
				CLANG_WARN_QUOTED_INCLUDE_IN_FRAMEWORK_HEADER = YES;
				CLANG_WARN_RANGE_LOOP_ANALYSIS = YES;
				CLANG_WARN_STRICT_PROTOTYPES = YES;
				CLANG_WARN_SUSPICIOUS_MOVE = YES;
				CLANG_WARN_UNGUARDED_AVAILABILITY = YES_AGGRESSIVE;
				CLANG_WARN_UNREACHABLE_CODE = YES;
				CLANG_WARN__DUPLICATE_METHOD_MATCH = YES;
				COPY_PHASE_STRIP = NO;
				DEBUG_INFORMATION_FORMAT = dwarf;
				ENABLE_STRICT_OBJC_MSGSEND = YES;
				ENABLE_TESTABILITY = YES;
				ENABLE_USER_SCRIPT_SANDBOXING = YES;
				GCC_C_LANGUAGE_STANDARD = gnu17;
				GCC_DYNAMIC_NO_PIC = NO;
				GCC_NO_COMMON_BLOCKS = YES;
				GCC_OPTIMIZATION_LEVEL = 0;
				GCC_PREPROCESSOR_DEFINITIONS = (
					"DEBUG=1",
					"$(inherited)",
				);
				GCC_WARN_64_TO_32_BIT_CONVERSION = YES;
				GCC_WARN_ABOUT_RETURN_TYPE = YES_ERROR;
				GCC_WARN_UNDECLARED_SELECTOR = YES;
				GCC_WARN_UNINITIALIZED_AUTOS = YES_AGGRESSIVE;
				GCC_WARN_UNUSED_FUNCTION = YES;
				GCC_WARN_UNUSED_VARIABLE = YES;
				IPHONEOS_DEPLOYMENT_TARGET = 17.2;
				LOCALIZATION_PREFERS_STRING_CATALOGS = YES;
				MTL_ENABLE_DEBUG_INFO = INCLUDE_SOURCE;
				MTL_FAST_MATH = YES;
				ONLY_ACTIVE_ARCH = YES;
				SDKROOT = iphoneos;
				SWIFT_ACTIVE_COMPILATION_CONDITIONS = "DEBUG $(inherited)";
				SWIFT_OPTIMIZATION_LEVEL = "-Onone";
				WATCHOS_DEPLOYMENT_TARGET = 10.2;
			};
			name = Debug;
		};
		6774ACA52B532DAE00EC7F5D /* Release */ = {
			isa = XCBuildConfiguration;
			buildSettings = {
				ALWAYS_SEARCH_USER_PATHS = NO;
				ASSETCATALOG_COMPILER_GENERATE_SWIFT_ASSET_SYMBOL_EXTENSIONS = YES;
				CLANG_ANALYZER_NONNULL = YES;
				CLANG_ANALYZER_NUMBER_OBJECT_CONVERSION = YES_AGGRESSIVE;
				CLANG_CXX_LANGUAGE_STANDARD = "gnu++20";
				CLANG_ENABLE_MODULES = YES;
				CLANG_ENABLE_OBJC_ARC = YES;
				CLANG_ENABLE_OBJC_WEAK = YES;
				CLANG_WARN_BLOCK_CAPTURE_AUTORELEASING = YES;
				CLANG_WARN_BOOL_CONVERSION = YES;
				CLANG_WARN_COMMA = YES;
				CLANG_WARN_CONSTANT_CONVERSION = YES;
				CLANG_WARN_DEPRECATED_OBJC_IMPLEMENTATIONS = YES;
				CLANG_WARN_DIRECT_OBJC_ISA_USAGE = YES_ERROR;
				CLANG_WARN_DOCUMENTATION_COMMENTS = YES;
				CLANG_WARN_EMPTY_BODY = YES;
				CLANG_WARN_ENUM_CONVERSION = YES;
				CLANG_WARN_INFINITE_RECURSION = YES;
				CLANG_WARN_INT_CONVERSION = YES;
				CLANG_WARN_NON_LITERAL_NULL_CONVERSION = YES;
				CLANG_WARN_OBJC_IMPLICIT_RETAIN_SELF = YES;
				CLANG_WARN_OBJC_LITERAL_CONVERSION = YES;
				CLANG_WARN_OBJC_ROOT_CLASS = YES_ERROR;
				CLANG_WARN_QUOTED_INCLUDE_IN_FRAMEWORK_HEADER = YES;
				CLANG_WARN_RANGE_LOOP_ANALYSIS = YES;
				CLANG_WARN_STRICT_PROTOTYPES = YES;
				CLANG_WARN_SUSPICIOUS_MOVE = YES;
				CLANG_WARN_UNGUARDED_AVAILABILITY = YES_AGGRESSIVE;
				CLANG_WARN_UNREACHABLE_CODE = YES;
				CLANG_WARN__DUPLICATE_METHOD_MATCH = YES;
				COPY_PHASE_STRIP = NO;
				DEBUG_INFORMATION_FORMAT = "dwarf-with-dsym";
				ENABLE_NS_ASSERTIONS = NO;
				ENABLE_STRICT_OBJC_MSGSEND = YES;
				ENABLE_USER_SCRIPT_SANDBOXING = YES;
				GCC_C_LANGUAGE_STANDARD = gnu17;
				GCC_NO_COMMON_BLOCKS = YES;
				GCC_WARN_64_TO_32_BIT_CONVERSION = YES;
				GCC_WARN_ABOUT_RETURN_TYPE = YES_ERROR;
				GCC_WARN_UNDECLARED_SELECTOR = YES;
				GCC_WARN_UNINITIALIZED_AUTOS = YES_AGGRESSIVE;
				GCC_WARN_UNUSED_FUNCTION = YES;
				GCC_WARN_UNUSED_VARIABLE = YES;
				IPHONEOS_DEPLOYMENT_TARGET = 17.2;
				LOCALIZATION_PREFERS_STRING_CATALOGS = YES;
				MTL_ENABLE_DEBUG_INFO = NO;
				MTL_FAST_MATH = YES;
				SDKROOT = iphoneos;
				SWIFT_COMPILATION_MODE = wholemodule;
				VALIDATE_PRODUCT = YES;
				WATCHOS_DEPLOYMENT_TARGET = 10.2;
			};
			name = Release;
		};
		6774ACA72B532DAE00EC7F5D /* Debug */ = {
			isa = XCBuildConfiguration;
			buildSettings = {
				ALWAYS_EMBED_SWIFT_STANDARD_LIBRARIES = YES;
				ASSETCATALOG_COMPILER_APPICON_NAME = AppIcon;
				ASSETCATALOG_COMPILER_GLOBAL_ACCENT_COLOR_NAME = AccentColor;
				CODE_SIGN_STYLE = Automatic;
				CURRENT_PROJECT_VERSION = 1;
				DEVELOPMENT_ASSET_PATHS = "\"ToxicApp/Preview Content\"";
				DEVELOPMENT_TEAM = DQBS9FK8M3;
				ENABLE_PREVIEWS = YES;
				GENERATE_INFOPLIST_FILE = YES;
				INFOPLIST_KEY_UIApplicationSceneManifest_Generation = YES;
				INFOPLIST_KEY_UIApplicationSupportsIndirectInputEvents = YES;
				INFOPLIST_KEY_UILaunchScreen_Generation = YES;
				INFOPLIST_KEY_UISupportedInterfaceOrientations_iPad = "UIInterfaceOrientationPortrait UIInterfaceOrientationPortraitUpsideDown UIInterfaceOrientationLandscapeLeft UIInterfaceOrientationLandscapeRight";
				INFOPLIST_KEY_UISupportedInterfaceOrientations_iPhone = "UIInterfaceOrientationPortrait UIInterfaceOrientationLandscapeLeft UIInterfaceOrientationLandscapeRight";
				LD_RUNPATH_SEARCH_PATHS = (
					"$(inherited)",
					"@executable_path/Frameworks",
				);
				MARKETING_VERSION = 1.0;
				PRODUCT_BUNDLE_IDENTIFIER = gzykin.ToxicApp;
				PRODUCT_NAME = "$(TARGET_NAME)";
				SWIFT_EMIT_LOC_STRINGS = YES;
				SWIFT_VERSION = 5.0;
				TARGETED_DEVICE_FAMILY = "1,2";
			};
			name = Debug;
		};
		6774ACA82B532DAE00EC7F5D /* Release */ = {
			isa = XCBuildConfiguration;
			buildSettings = {
				ALWAYS_EMBED_SWIFT_STANDARD_LIBRARIES = YES;
				ASSETCATALOG_COMPILER_APPICON_NAME = AppIcon;
				ASSETCATALOG_COMPILER_GLOBAL_ACCENT_COLOR_NAME = AccentColor;
				CODE_SIGN_STYLE = Automatic;
				CURRENT_PROJECT_VERSION = 1;
				DEVELOPMENT_ASSET_PATHS = "\"ToxicApp/Preview Content\"";
				DEVELOPMENT_TEAM = DQBS9FK8M3;
				ENABLE_PREVIEWS = YES;
				GENERATE_INFOPLIST_FILE = YES;
				INFOPLIST_KEY_UIApplicationSceneManifest_Generation = YES;
				INFOPLIST_KEY_UIApplicationSupportsIndirectInputEvents = YES;
				INFOPLIST_KEY_UILaunchScreen_Generation = YES;
				INFOPLIST_KEY_UISupportedInterfaceOrientations_iPad = "UIInterfaceOrientationPortrait UIInterfaceOrientationPortraitUpsideDown UIInterfaceOrientationLandscapeLeft UIInterfaceOrientationLandscapeRight";
				INFOPLIST_KEY_UISupportedInterfaceOrientations_iPhone = "UIInterfaceOrientationPortrait UIInterfaceOrientationLandscapeLeft UIInterfaceOrientationLandscapeRight";
				LD_RUNPATH_SEARCH_PATHS = (
					"$(inherited)",
					"@executable_path/Frameworks",
				);
				MARKETING_VERSION = 1.0;
				PRODUCT_BUNDLE_IDENTIFIER = gzykin.ToxicApp;
				PRODUCT_NAME = "$(TARGET_NAME)";
				SWIFT_EMIT_LOC_STRINGS = YES;
				SWIFT_VERSION = 5.0;
				TARGETED_DEVICE_FAMILY = "1,2";
			};
			name = Release;
		};
		6774ACAA2B532DAE00EC7F5D /* Debug */ = {
			isa = XCBuildConfiguration;
			buildSettings = {
				ALWAYS_EMBED_SWIFT_STANDARD_LIBRARIES = YES;
				BUNDLE_LOADER = "$(TEST_HOST)";
				CODE_SIGN_STYLE = Automatic;
				CURRENT_PROJECT_VERSION = 1;
				DEVELOPMENT_TEAM = DQBS9FK8M3;
				GENERATE_INFOPLIST_FILE = YES;
				IPHONEOS_DEPLOYMENT_TARGET = 17.2;
				MARKETING_VERSION = 1.0;
				PRODUCT_BUNDLE_IDENTIFIER = gzykin.ToxicAppTests;
				PRODUCT_NAME = "$(TARGET_NAME)";
				SWIFT_EMIT_LOC_STRINGS = NO;
				SWIFT_VERSION = 5.0;
				TARGETED_DEVICE_FAMILY = "1,2";
				TEST_HOST = "$(BUILT_PRODUCTS_DIR)/ToxicApp.app/$(BUNDLE_EXECUTABLE_FOLDER_PATH)/ToxicApp";
			};
			name = Debug;
		};
		6774ACAB2B532DAE00EC7F5D /* Release */ = {
			isa = XCBuildConfiguration;
			buildSettings = {
				ALWAYS_EMBED_SWIFT_STANDARD_LIBRARIES = YES;
				BUNDLE_LOADER = "$(TEST_HOST)";
				CODE_SIGN_STYLE = Automatic;
				CURRENT_PROJECT_VERSION = 1;
				DEVELOPMENT_TEAM = DQBS9FK8M3;
				GENERATE_INFOPLIST_FILE = YES;
				IPHONEOS_DEPLOYMENT_TARGET = 17.2;
				MARKETING_VERSION = 1.0;
				PRODUCT_BUNDLE_IDENTIFIER = gzykin.ToxicAppTests;
				PRODUCT_NAME = "$(TARGET_NAME)";
				SWIFT_EMIT_LOC_STRINGS = NO;
				SWIFT_VERSION = 5.0;
				TARGETED_DEVICE_FAMILY = "1,2";
				TEST_HOST = "$(BUILT_PRODUCTS_DIR)/ToxicApp.app/$(BUNDLE_EXECUTABLE_FOLDER_PATH)/ToxicApp";
			};
			name = Release;
		};
		6774ACAD2B532DAE00EC7F5D /* Debug */ = {
			isa = XCBuildConfiguration;
			buildSettings = {
				ALWAYS_EMBED_SWIFT_STANDARD_LIBRARIES = YES;
				CODE_SIGN_STYLE = Automatic;
				CURRENT_PROJECT_VERSION = 1;
				DEVELOPMENT_TEAM = DQBS9FK8M3;
				GENERATE_INFOPLIST_FILE = YES;
				MARKETING_VERSION = 1.0;
				PRODUCT_BUNDLE_IDENTIFIER = gzykin.ToxicAppUITests;
				PRODUCT_NAME = "$(TARGET_NAME)";
				SWIFT_EMIT_LOC_STRINGS = NO;
				SWIFT_VERSION = 5.0;
				TARGETED_DEVICE_FAMILY = "1,2";
				TEST_TARGET_NAME = ToxicApp;
			};
			name = Debug;
		};
		6774ACAE2B532DAE00EC7F5D /* Release */ = {
			isa = XCBuildConfiguration;
			buildSettings = {
				ALWAYS_EMBED_SWIFT_STANDARD_LIBRARIES = YES;
				CODE_SIGN_STYLE = Automatic;
				CURRENT_PROJECT_VERSION = 1;
				DEVELOPMENT_TEAM = DQBS9FK8M3;
				GENERATE_INFOPLIST_FILE = YES;
				MARKETING_VERSION = 1.0;
				PRODUCT_BUNDLE_IDENTIFIER = gzykin.ToxicAppUITests;
				PRODUCT_NAME = "$(TARGET_NAME)";
				SWIFT_EMIT_LOC_STRINGS = NO;
				SWIFT_VERSION = 5.0;
				TARGETED_DEVICE_FAMILY = "1,2";
				TEST_TARGET_NAME = ToxicApp;
			};
			name = Release;
		};
/* End XCBuildConfiguration section */

/* Begin XCConfigurationList section */
		672ACBCA2B535DA2006B9CD8 /* Build configuration list for PBXNativeTarget "ToxicAppWatchOS Watch App" */ = {
			isa = XCConfigurationList;
			buildConfigurations = (
				672ACBCB2B535DA2006B9CD8 /* Debug */,
				672ACBCC2B535DA2006B9CD8 /* Release */,
			);
			defaultConfigurationIsVisible = 0;
			defaultConfigurationName = Release;
		};
		6774AC7D2B532DA800EC7F5D /* Build configuration list for PBXProject "ToxicApp" */ = {
			isa = XCConfigurationList;
			buildConfigurations = (
				6774ACA42B532DAE00EC7F5D /* Debug */,
				6774ACA52B532DAE00EC7F5D /* Release */,
			);
			defaultConfigurationIsVisible = 0;
			defaultConfigurationName = Release;
		};
		6774ACA62B532DAE00EC7F5D /* Build configuration list for PBXNativeTarget "ToxicApp" */ = {
			isa = XCConfigurationList;
			buildConfigurations = (
				6774ACA72B532DAE00EC7F5D /* Debug */,
				6774ACA82B532DAE00EC7F5D /* Release */,
			);
			defaultConfigurationIsVisible = 0;
			defaultConfigurationName = Release;
		};
		6774ACA92B532DAE00EC7F5D /* Build configuration list for PBXNativeTarget "ToxicAppTests" */ = {
			isa = XCConfigurationList;
			buildConfigurations = (
				6774ACAA2B532DAE00EC7F5D /* Debug */,
				6774ACAB2B532DAE00EC7F5D /* Release */,
			);
			defaultConfigurationIsVisible = 0;
			defaultConfigurationName = Release;
		};
		6774ACAC2B532DAE00EC7F5D /* Build configuration list for PBXNativeTarget "ToxicAppUITests" */ = {
			isa = XCConfigurationList;
			buildConfigurations = (
				6774ACAD2B532DAE00EC7F5D /* Debug */,
				6774ACAE2B532DAE00EC7F5D /* Release */,
			);
			defaultConfigurationIsVisible = 0;
			defaultConfigurationName = Release;
		};
/* End XCConfigurationList section */

/* Begin XCVersionGroup section */
		672ACBAF2B534618006B9CD8 /* ToxicAppModel.xcdatamodeld */ = {
			isa = XCVersionGroup;
			children = (
				672ACBB02B534618006B9CD8 /* ToxicAppModel.xcdatamodel */,
			);
			currentVersion = 672ACBB02B534618006B9CD8 /* ToxicAppModel.xcdatamodel */;
			path = ToxicAppModel.xcdatamodeld;
			sourceTree = "<group>";
			versionGroupType = wrapper.xcdatamodel;
		};
/* End XCVersionGroup section */
	};
	rootObject = 6774AC7A2B532DA800EC7F5D /* Project object */;
}
